
Microsoft Visual Studio Solution File, Format Version 12.00
# Visual Studio 15
VisualStudioVersion = 15.0.27428.2027
MinimumVisualStudioVersion = 10.0.40219.1
Project("{FAE04EC0-301F-11D3-BF4B-00C04F79EFBC}") = "wordCount", "wordCount\wordCount.csproj", "{FAAEA67D-CE43-4371-ABC9-20989AFA54FE}"
EndProject
Project("{FAE04EC0-301F-11D3-BF4B-00C04F79EFBC}") = "UnitTestProject1", "UnitTestProject1\UnitTestProject1.csproj", "{2248A370-7E2B-491F-8C0F-516B6893EEB2}"
EndProject
Global
	GlobalSection(SolutionConfigurationPlatforms) = preSolution
		Debug|Any CPU = Debug|Any CPU
		Release|Any CPU = Release|Any CPU
	EndGlobalSection
	GlobalSection(ProjectConfigurationPlatforms) = postSolution
		{FAAEA67D-CE43-4371-ABC9-20989AFA54FE}.Debug|Any CPU.ActiveCfg = Debug|Any CPU
		{FAAEA67D-CE43-4371-ABC9-20989AFA54FE}.Debug|Any CPU.Build.0 = Debug|Any CPU
		{FAAEA67D-CE43-4371-ABC9-20989AFA54FE}.Release|Any CPU.ActiveCfg = Release|Any CPU
		{FAAEA67D-CE43-4371-ABC9-20989AFA54FE}.Release|Any CPU.Build.0 = Release|Any CPU
		{2248A370-7E2B-491F-8C0F-516B6893EEB2}.Debug|Any CPU.ActiveCfg = Debug|Any CPU
		{2248A370-7E2B-491F-8C0F-516B6893EEB2}.Debug|Any CPU.Build.0 = Debug|Any CPU
		{2248A370-7E2B-491F-8C0F-516B6893EEB2}.Release|Any CPU.ActiveCfg = Release|Any CPU
		{2248A370-7E2B-491F-8C0F-516B6893EEB2}.Release|Any CPU.Build.0 = Release|Any CPU
	EndGlobalSection
	GlobalSection(SolutionProperties) = preSolution
		HideSolutionNode = FALSE
	EndGlobalSection
	GlobalSection(ExtensibilityGlobals) = postSolution
		SolutionGuid = {EC97E65F-B85A-4A10-964F-A0FAC245E1C8}
	EndGlobalSection
EndGlobal
