
Microsoft Visual Studio Solution File, Format Version 12.00
# Visual Studio 15
VisualStudioVersion = 15.0.28010.2048
MinimumVisualStudioVersion = 10.0.40219.1
Project("{FAE04EC0-301F-11D3-BF4B-00C04F79EFBC}") = "doWordCount", "doWordCount\doWordCount.csproj", "{AD277B7C-A36E-4C98-BC9F-E65ACE37FF92}"
EndProject
Project("{FAE04EC0-301F-11D3-BF4B-00C04F79EFBC}") = "UnitTestProject1", "UnitTestProject1\UnitTestProject1.csproj", "{1A1A2B95-D2F7-45E1-AA0E-BEECC8EDD8B7}"
EndProject
Global
	GlobalSection(SolutionConfigurationPlatforms) = preSolution
		Debug|Any CPU = Debug|Any CPU
		Release|Any CPU = Release|Any CPU
	EndGlobalSection
	GlobalSection(ProjectConfigurationPlatforms) = postSolution
		{AD277B7C-A36E-4C98-BC9F-E65ACE37FF92}.Debug|Any CPU.ActiveCfg = Debug|Any CPU
		{AD277B7C-A36E-4C98-BC9F-E65ACE37FF92}.Debug|Any CPU.Build.0 = Debug|Any CPU
		{AD277B7C-A36E-4C98-BC9F-E65ACE37FF92}.Release|Any CPU.ActiveCfg = Release|Any CPU
		{AD277B7C-A36E-4C98-BC9F-E65ACE37FF92}.Release|Any CPU.Build.0 = Release|Any CPU
		{1A1A2B95-D2F7-45E1-AA0E-BEECC8EDD8B7}.Debug|Any CPU.ActiveCfg = Debug|Any CPU
		{1A1A2B95-D2F7-45E1-AA0E-BEECC8EDD8B7}.Debug|Any CPU.Build.0 = Debug|Any CPU
		{1A1A2B95-D2F7-45E1-AA0E-BEECC8EDD8B7}.Release|Any CPU.ActiveCfg = Release|Any CPU
		{1A1A2B95-D2F7-45E1-AA0E-BEECC8EDD8B7}.Release|Any CPU.Build.0 = Release|Any CPU
	EndGlobalSection
	GlobalSection(SolutionProperties) = preSolution
		HideSolutionNode = FALSE
	EndGlobalSection
	GlobalSection(ExtensibilityGlobals) = postSolution
		SolutionGuid = {3E08BA4B-A38B-4567-8564-61C945B0F3C3}
	EndGlobalSection
EndGlobal
