
Microsoft Visual Studio Solution File, Format Version 12.00
# Visual Studio 15
VisualStudioVersion = 15.0.28010.2048
MinimumVisualStudioVersion = 10.0.40219.1
Project("{FAE04EC0-301F-11D3-BF4B-00C04F79EFBC}") = "doWordCount", "doWordCount\doWordCount.csproj", "{AD277B7C-A36E-4C98-BC9F-E65ACE37FF92}"
EndProject
Project("{FAE04EC0-301F-11D3-BF4B-00C04F79EFBC}") = "UnitTestProject1", "UnitTestProject1\UnitTestProject1.csproj", "{1A1A2B95-D2F7-45E1-AA0E-BEECC8EDD8B7}"
EndProject
Project("{FAE04EC0-301F-11D3-BF4B-00C04F79EFBC}") = "main", "main\main.csproj", "{1168DDA0-2474-4653-9A74-A3B3DB3D7694}"
EndProject
Global
	GlobalSection(SolutionConfigurationPlatforms) = preSolution
		Debug|Any CPU = Debug|Any CPU
		Debug|ARM = Debug|ARM
		Debug|x64 = Debug|x64
		Debug|x86 = Debug|x86
		Release|Any CPU = Release|Any CPU
		Release|ARM = Release|ARM
		Release|x64 = Release|x64
		Release|x86 = Release|x86
	EndGlobalSection
	GlobalSection(ProjectConfigurationPlatforms) = postSolution
		{AD277B7C-A36E-4C98-BC9F-E65ACE37FF92}.Debug|Any CPU.ActiveCfg = Debug|Any CPU
		{AD277B7C-A36E-4C98-BC9F-E65ACE37FF92}.Debug|Any CPU.Build.0 = Debug|Any CPU
		{AD277B7C-A36E-4C98-BC9F-E65ACE37FF92}.Debug|ARM.ActiveCfg = Debug|Any CPU
		{AD277B7C-A36E-4C98-BC9F-E65ACE37FF92}.Debug|ARM.Build.0 = Debug|Any CPU
		{AD277B7C-A36E-4C98-BC9F-E65ACE37FF92}.Debug|x64.ActiveCfg = Debug|Any CPU
		{AD277B7C-A36E-4C98-BC9F-E65ACE37FF92}.Debug|x64.Build.0 = Debug|Any CPU
		{AD277B7C-A36E-4C98-BC9F-E65ACE37FF92}.Debug|x86.ActiveCfg = Debug|Any CPU
		{AD277B7C-A36E-4C98-BC9F-E65ACE37FF92}.Debug|x86.Build.0 = Debug|Any CPU
		{AD277B7C-A36E-4C98-BC9F-E65ACE37FF92}.Release|Any CPU.ActiveCfg = Release|Any CPU
		{AD277B7C-A36E-4C98-BC9F-E65ACE37FF92}.Release|Any CPU.Build.0 = Release|Any CPU
		{AD277B7C-A36E-4C98-BC9F-E65ACE37FF92}.Release|ARM.ActiveCfg = Release|Any CPU
		{AD277B7C-A36E-4C98-BC9F-E65ACE37FF92}.Release|ARM.Build.0 = Release|Any CPU
		{AD277B7C-A36E-4C98-BC9F-E65ACE37FF92}.Release|x64.ActiveCfg = Release|Any CPU
		{AD277B7C-A36E-4C98-BC9F-E65ACE37FF92}.Release|x64.Build.0 = Release|Any CPU
		{AD277B7C-A36E-4C98-BC9F-E65ACE37FF92}.Release|x86.ActiveCfg = Release|Any CPU
		{AD277B7C-A36E-4C98-BC9F-E65ACE37FF92}.Release|x86.Build.0 = Release|Any CPU
		{1A1A2B95-D2F7-45E1-AA0E-BEECC8EDD8B7}.Debug|Any CPU.ActiveCfg = Debug|Any CPU
		{1A1A2B95-D2F7-45E1-AA0E-BEECC8EDD8B7}.Debug|Any CPU.Build.0 = Debug|Any CPU
		{1A1A2B95-D2F7-45E1-AA0E-BEECC8EDD8B7}.Debug|ARM.ActiveCfg = Debug|Any CPU
		{1A1A2B95-D2F7-45E1-AA0E-BEECC8EDD8B7}.Debug|ARM.Build.0 = Debug|Any CPU
		{1A1A2B95-D2F7-45E1-AA0E-BEECC8EDD8B7}.Debug|x64.ActiveCfg = Debug|Any CPU
		{1A1A2B95-D2F7-45E1-AA0E-BEECC8EDD8B7}.Debug|x64.Build.0 = Debug|Any CPU
		{1A1A2B95-D2F7-45E1-AA0E-BEECC8EDD8B7}.Debug|x86.ActiveCfg = Debug|Any CPU
		{1A1A2B95-D2F7-45E1-AA0E-BEECC8EDD8B7}.Debug|x86.Build.0 = Debug|Any CPU
		{1A1A2B95-D2F7-45E1-AA0E-BEECC8EDD8B7}.Release|Any CPU.ActiveCfg = Release|Any CPU
		{1A1A2B95-D2F7-45E1-AA0E-BEECC8EDD8B7}.Release|Any CPU.Build.0 = Release|Any CPU
		{1A1A2B95-D2F7-45E1-AA0E-BEECC8EDD8B7}.Release|ARM.ActiveCfg = Release|Any CPU
		{1A1A2B95-D2F7-45E1-AA0E-BEECC8EDD8B7}.Release|ARM.Build.0 = Release|Any CPU
		{1A1A2B95-D2F7-45E1-AA0E-BEECC8EDD8B7}.Release|x64.ActiveCfg = Release|Any CPU
		{1A1A2B95-D2F7-45E1-AA0E-BEECC8EDD8B7}.Release|x64.Build.0 = Release|Any CPU
		{1A1A2B95-D2F7-45E1-AA0E-BEECC8EDD8B7}.Release|x86.ActiveCfg = Release|Any CPU
		{1A1A2B95-D2F7-45E1-AA0E-BEECC8EDD8B7}.Release|x86.Build.0 = Release|Any CPU
		{1168DDA0-2474-4653-9A74-A3B3DB3D7694}.Debug|Any CPU.ActiveCfg = Debug|Any CPU
		{1168DDA0-2474-4653-9A74-A3B3DB3D7694}.Debug|Any CPU.Build.0 = Debug|Any CPU
		{1168DDA0-2474-4653-9A74-A3B3DB3D7694}.Debug|ARM.ActiveCfg = Debug|Any CPU
		{1168DDA0-2474-4653-9A74-A3B3DB3D7694}.Debug|ARM.Build.0 = Debug|Any CPU
		{1168DDA0-2474-4653-9A74-A3B3DB3D7694}.Debug|x64.ActiveCfg = Debug|Any CPU
		{1168DDA0-2474-4653-9A74-A3B3DB3D7694}.Debug|x64.Build.0 = Debug|Any CPU
		{1168DDA0-2474-4653-9A74-A3B3DB3D7694}.Debug|x86.ActiveCfg = Debug|Any CPU
		{1168DDA0-2474-4653-9A74-A3B3DB3D7694}.Debug|x86.Build.0 = Debug|Any CPU
		{1168DDA0-2474-4653-9A74-A3B3DB3D7694}.Release|Any CPU.ActiveCfg = Release|Any CPU
		{1168DDA0-2474-4653-9A74-A3B3DB3D7694}.Release|Any CPU.Build.0 = Release|Any CPU
		{1168DDA0-2474-4653-9A74-A3B3DB3D7694}.Release|ARM.ActiveCfg = Release|Any CPU
		{1168DDA0-2474-4653-9A74-A3B3DB3D7694}.Release|ARM.Build.0 = Release|Any CPU
		{1168DDA0-2474-4653-9A74-A3B3DB3D7694}.Release|x64.ActiveCfg = Release|Any CPU
		{1168DDA0-2474-4653-9A74-A3B3DB3D7694}.Release|x64.Build.0 = Release|Any CPU
		{1168DDA0-2474-4653-9A74-A3B3DB3D7694}.Release|x86.ActiveCfg = Release|Any CPU
		{1168DDA0-2474-4653-9A74-A3B3DB3D7694}.Release|x86.Build.0 = Release|Any CPU
	EndGlobalSection
	GlobalSection(SolutionProperties) = preSolution
		HideSolutionNode = FALSE
	EndGlobalSection
	GlobalSection(ExtensibilityGlobals) = postSolution
		SolutionGuid = {3E08BA4B-A38B-4567-8564-61C945B0F3C3}
	EndGlobalSection
EndGlobal
